// !$*UTF8*$!
{
	archiveVersion = 1;
	classes = {
	};
	objectVersion = 46;
	objects = {

/* Begin PBXBuildFile section */
		8FFF5EB91C16699300BC01F7 /* main.m in Sources */ = {isa = PBXBuildFile; fileRef = 8FFF5EB81C16699300BC01F7 /* main.m */; };
		8FFF5EBC1C16699300BC01F7 /* AppDelegate.m in Sources */ = {isa = PBXBuildFile; fileRef = 8FFF5EBB1C16699300BC01F7 /* AppDelegate.m */; };
		8FFF5EBF1C16699300BC01F7 /* ViewController.m in Sources */ = {isa = PBXBuildFile; fileRef = 8FFF5EBE1C16699300BC01F7 /* ViewController.m */; };
		8FFF5EC21C16699300BC01F7 /* Main.storyboard in Resources */ = {isa = PBXBuildFile; fileRef = 8FFF5EC01C16699300BC01F7 /* Main.storyboard */; };
		8FFF5EC41C16699300BC01F7 /* Assets.xcassets in Resources */ = {isa = PBXBuildFile; fileRef = 8FFF5EC31C16699300BC01F7 /* Assets.xcassets */; };
		8FFF5EC71C16699300BC01F7 /* LaunchScreen.storyboard in Resources */ = {isa = PBXBuildFile; fileRef = 8FFF5EC51C16699300BC01F7 /* LaunchScreen.storyboard */; };
		8FFF5ED71C166BDA00BC01F7 /* MusicViewController.m in Sources */ = {isa = PBXBuildFile; fileRef = 8FFF5ED51C166BDA00BC01F7 /* MusicViewController.m */; };
		8FFF5ED81C166BDA00BC01F7 /* MusicViewController.xib in Resources */ = {isa = PBXBuildFile; fileRef = 8FFF5ED61C166BDA00BC01F7 /* MusicViewController.xib */; };
		8FFF5EDC1C166D5500BC01F7 /* NormalViewController.m in Sources */ = {isa = PBXBuildFile; fileRef = 8FFF5EDA1C166D5500BC01F7 /* NormalViewController.m */; };
		8FFF5EDD1C166D5500BC01F7 /* NormalViewController.xib in Resources */ = {isa = PBXBuildFile; fileRef = 8FFF5EDB1C166D5500BC01F7 /* NormalViewController.xib */; };
		8FFF5EE31C167CFA00BC01F7 /* PlayerCenter.m in Sources */ = {isa = PBXBuildFile; fileRef = 8FFF5EE21C167CFA00BC01F7 /* PlayerCenter.m */; };
		8FFF5EE61C167E7000BC01F7 /* UINavigationController+PushHelp.m in Sources */ = {isa = PBXBuildFile; fileRef = 8FFF5EE51C167E7000BC01F7 /* UINavigationController+PushHelp.m */; };
/* End PBXBuildFile section */

/* Begin PBXFileReference section */
		8FFF5EB41C16699300BC01F7 /* NetcaseNavigationDemo.app */ = {isa = PBXFileReference; explicitFileType = wrapper.application; includeInIndex = 0; path = NetcaseNavigationDemo.app; sourceTree = BUILT_PRODUCTS_DIR; };
		8FFF5EB81C16699300BC01F7 /* main.m */ = {isa = PBXFileReference; lastKnownFileType = sourcecode.c.objc; path = main.m; sourceTree = "<group>"; };
		8FFF5EBA1C16699300BC01F7 /* AppDelegate.h */ = {isa = PBXFileReference; lastKnownFileType = sourcecode.c.h; path = AppDelegate.h; sourceTree = "<group>"; };
		8FFF5EBB1C16699300BC01F7 /* AppDelegate.m */ = {isa = PBXFileReference; lastKnownFileType = sourcecode.c.objc; path = AppDelegate.m; sourceTree = "<group>"; };
		8FFF5EBD1C16699300BC01F7 /* ViewController.h */ = {isa = PBXFileReference; lastKnownFileType = sourcecode.c.h; path = ViewController.h; sourceTree = "<group>"; };
		8FFF5EBE1C16699300BC01F7 /* ViewController.m */ = {isa = PBXFileReference; lastKnownFileType = sourcecode.c.objc; path = ViewController.m; sourceTree = "<group>"; };
		8FFF5EC11C16699300BC01F7 /* Base */ = {isa = PBXFileReference; lastKnownFileType = file.storyboard; name = Base; path = Base.lproj/Main.storyboard; sourceTree = "<group>"; };
		8FFF5EC31C16699300BC01F7 /* Assets.xcassets */ = {isa = PBXFileReference; lastKnownFileType = folder.assetcatalog; path = Assets.xcassets; sourceTree = "<group>"; };
		8FFF5EC61C16699300BC01F7 /* Base */ = {isa = PBXFileReference; lastKnownFileType = file.storyboard; name = Base; path = Base.lproj/LaunchScreen.storyboard; sourceTree = "<group>"; };
		8FFF5EC81C16699300BC01F7 /* Info.plist */ = {isa = PBXFileReference; lastKnownFileType = text.plist.xml; path = Info.plist; sourceTree = "<group>"; };
		8FFF5ED41C166BDA00BC01F7 /* MusicViewController.h */ = {isa = PBXFileReference; fileEncoding = 4; lastKnownFileType = sourcecode.c.h; path = MusicViewController.h; sourceTree = "<group>"; };
		8FFF5ED51C166BDA00BC01F7 /* MusicViewController.m */ = {isa = PBXFileReference; fileEncoding = 4; lastKnownFileType = sourcecode.c.objc; path = MusicViewController.m; sourceTree = "<group>"; };
		8FFF5ED61C166BDA00BC01F7 /* MusicViewController.xib */ = {isa = PBXFileReference; fileEncoding = 4; lastKnownFileType = file.xib; path = MusicViewController.xib; sourceTree = "<group>"; };
		8FFF5ED91C166D5500BC01F7 /* NormalViewController.h */ = {isa = PBXFileReference; fileEncoding = 4; lastKnownFileType = sourcecode.c.h; path = NormalViewController.h; sourceTree = "<group>"; };
		8FFF5EDA1C166D5500BC01F7 /* NormalViewController.m */ = {isa = PBXFileReference; fileEncoding = 4; lastKnownFileType = sourcecode.c.objc; path = NormalViewController.m; sourceTree = "<group>"; };
		8FFF5EDB1C166D5500BC01F7 /* NormalViewController.xib */ = {isa = PBXFileReference; fileEncoding = 4; lastKnownFileType = file.xib; path = NormalViewController.xib; sourceTree = "<group>"; };
		8FFF5EE11C167CFA00BC01F7 /* PlayerCenter.h */ = {isa = PBXFileReference; fileEncoding = 4; lastKnownFileType = sourcecode.c.h; path = PlayerCenter.h; sourceTree = "<group>"; };
		8FFF5EE21C167CFA00BC01F7 /* PlayerCenter.m */ = {isa = PBXFileReference; fileEncoding = 4; lastKnownFileType = sourcecode.c.objc; path = PlayerCenter.m; sourceTree = "<group>"; };
		8FFF5EE41C167E7000BC01F7 /* UINavigationController+PushHelp.h */ = {isa = PBXFileReference; fileEncoding = 4; lastKnownFileType = sourcecode.c.h; path = "UINavigationController+PushHelp.h"; sourceTree = "<group>"; };
		8FFF5EE51C167E7000BC01F7 /* UINavigationController+PushHelp.m */ = {isa = PBXFileReference; fileEncoding = 4; lastKnownFileType = sourcecode.c.objc; path = "UINavigationController+PushHelp.m"; sourceTree = "<group>"; };
/* End PBXFileReference section */

/* Begin PBXFrameworksBuildPhase section */
		8FFF5EB11C16699300BC01F7 /* Frameworks */ = {
			isa = PBXFrameworksBuildPhase;
			buildActionMask = 2147483647;
			files = (
			);
			runOnlyForDeploymentPostprocessing = 0;
		};
/* End PBXFrameworksBuildPhase section */

/* Begin PBXGroup section */
		8FFF5EAB1C16699300BC01F7 = {
			isa = PBXGroup;
			children = (
				8FFF5EB61C16699300BC01F7 /* NetcaseNavigationDemo */,
				8FFF5EB51C16699300BC01F7 /* Products */,
			);
			sourceTree = "<group>";
		};
		8FFF5EB51C16699300BC01F7 /* Products */ = {
			isa = PBXGroup;
			children = (
				8FFF5EB41C16699300BC01F7 /* NetcaseNavigationDemo.app */,
			);
			name = Products;
			sourceTree = "<group>";
		};
		8FFF5EB61C16699300BC01F7 /* NetcaseNavigationDemo */ = {
			isa = PBXGroup;
			children = (
				8FFF5EE71C16A14E00BC01F7 /* Class */,
				8FFF5EBA1C16699300BC01F7 /* AppDelegate.h */,
				8FFF5EBB1C16699300BC01F7 /* AppDelegate.m */,
				8FFF5EE11C167CFA00BC01F7 /* PlayerCenter.h */,
				8FFF5EE21C167CFA00BC01F7 /* PlayerCenter.m */,
				8FFF5EBD1C16699300BC01F7 /* ViewController.h */,
				8FFF5EBE1C16699300BC01F7 /* ViewController.m */,
				8FFF5ED41C166BDA00BC01F7 /* MusicViewController.h */,
				8FFF5ED51C166BDA00BC01F7 /* MusicViewController.m */,
				8FFF5ED61C166BDA00BC01F7 /* MusicViewController.xib */,
				8FFF5ED91C166D5500BC01F7 /* NormalViewController.h */,
				8FFF5EDA1C166D5500BC01F7 /* NormalViewController.m */,
				8FFF5EDB1C166D5500BC01F7 /* NormalViewController.xib */,
				8FFF5EC01C16699300BC01F7 /* Main.storyboard */,
				8FFF5EC31C16699300BC01F7 /* Assets.xcassets */,
				8FFF5EC51C16699300BC01F7 /* LaunchScreen.storyboard */,
				8FFF5EC81C16699300BC01F7 /* Info.plist */,
				8FFF5EB71C16699300BC01F7 /* Supporting Files */,
			);
			path = NetcaseNavigationDemo;
			sourceTree = "<group>";
		};
		8FFF5EB71C16699300BC01F7 /* Supporting Files */ = {
			isa = PBXGroup;
			children = (
				8FFF5EB81C16699300BC01F7 /* main.m */,
			);
			name = "Supporting Files";
			sourceTree = "<group>";
		};
		8FFF5EE71C16A14E00BC01F7 /* Class */ = {
			isa = PBXGroup;
			children = (
				8FFF5EE41C167E7000BC01F7 /* UINavigationController+PushHelp.h */,
				8FFF5EE51C167E7000BC01F7 /* UINavigationController+PushHelp.m */,
			);
			name = Class;
			sourceTree = "<group>";
		};
/* End PBXGroup section */

/* Begin PBXNativeTarget section */
		8FFF5EB31C16699300BC01F7 /* NetcaseNavigationDemo */ = {
			isa = PBXNativeTarget;
			buildConfigurationList = 8FFF5ECB1C16699300BC01F7 /* Build configuration list for PBXNativeTarget "NetcaseNavigationDemo" */;
			buildPhases = (
				8FFF5EB01C16699300BC01F7 /* Sources */,
				8FFF5EB11C16699300BC01F7 /* Frameworks */,
				8FFF5EB21C16699300BC01F7 /* Resources */,
			);
			buildRules = (
			);
			dependencies = (
			);
			name = NetcaseNavigationDemo;
			productName = NetcaseNavigationDemo;
			productReference = 8FFF5EB41C16699300BC01F7 /* NetcaseNavigationDemo.app */;
			productType = "com.apple.product-type.application";
		};
/* End PBXNativeTarget section */

/* Begin PBXProject section */
		8FFF5EAC1C16699300BC01F7 /* Project object */ = {
			isa = PBXProject;
			attributes = {
				LastUpgradeCheck = 0710;
				ORGANIZATIONNAME = "Baidu, Inc.";
				TargetAttributes = {
					8FFF5EB31C16699300BC01F7 = {
						CreatedOnToolsVersion = 7.1;
						DevelopmentTeam = S8N7DZKWT9;
					};
				};
			};
			buildConfigurationList = 8FFF5EAF1C16699300BC01F7 /* Build configuration list for PBXProject "NetcaseNavigationDemo" */;
			compatibilityVersion = "Xcode 3.2";
			developmentRegion = English;
			hasScannedForEncodings = 0;
			knownRegions = (
				en,
				Base,
			);
			mainGroup = 8FFF5EAB1C16699300BC01F7;
			productRefGroup = 8FFF5EB51C16699300BC01F7 /* Products */;
			projectDirPath = "";
			projectRoot = "";
			targets = (
				8FFF5EB31C16699300BC01F7 /* NetcaseNavigationDemo */,
			);
		};
/* End PBXProject section */

/* Begin PBXResourcesBuildPhase section */
		8FFF5EB21C16699300BC01F7 /* Resources */ = {
			isa = PBXResourcesBuildPhase;
			buildActionMask = 2147483647;
			files = (
				8FFF5ED81C166BDA00BC01F7 /* MusicViewController.xib in Resources */,
				8FFF5EC71C16699300BC01F7 /* LaunchScreen.storyboard in Resources */,
				8FFF5EDD1C166D5500BC01F7 /* NormalViewController.xib in Resources */,
				8FFF5EC41C16699300BC01F7 /* Assets.xcassets in Resources */,
				8FFF5EC21C16699300BC01F7 /* Main.storyboard in Resources */,
			);
			runOnlyForDeploymentPostprocessing = 0;
		};
/* End PBXResourcesBuildPhase section */

/* Begin PBXSourcesBuildPhase section */
		8FFF5EB01C16699300BC01F7 /* Sources */ = {
			isa = PBXSourcesBuildPhase;
			buildActionMask = 2147483647;
			files = (
				8FFF5ED71C166BDA00BC01F7 /* MusicViewController.m in Sources */,
				8FFF5EBF1C16699300BC01F7 /* ViewController.m in Sources */,
				8FFF5EBC1C16699300BC01F7 /* AppDelegate.m in Sources */,
				8FFF5EDC1C166D5500BC01F7 /* NormalViewController.m in Sources */,
				8FFF5EB91C16699300BC01F7 /* main.m in Sources */,
				8FFF5EE61C167E7000BC01F7 /* UINavigationController+PushHelp.m in Sources */,
				8FFF5EE31C167CFA00BC01F7 /* PlayerCenter.m in Sources */,
			);
			runOnlyForDeploymentPostprocessing = 0;
		};
/* End PBXSourcesBuildPhase section */

/* Begin PBXVariantGroup section */
		8FFF5EC01C16699300BC01F7 /* Main.storyboard */ = {
			isa = PBXVariantGroup;
			children = (
				8FFF5EC11C16699300BC01F7 /* Base */,
			);
			name = Main.storyboard;
			sourceTree = "<group>";
		};
		8FFF5EC51C16699300BC01F7 /* LaunchScreen.storyboard */ = {
			isa = PBXVariantGroup;
			children = (
				8FFF5EC61C16699300BC01F7 /* Base */,
			);
			name = LaunchScreen.storyboard;
			sourceTree = "<group>";
		};
/* End PBXVariantGroup section */

/* Begin XCBuildConfiguration section */
		8FFF5EC91C16699300BC01F7 /* Debug */ = {
			isa = XCBuildConfiguration;
			buildSettings = {
				ALWAYS_SEARCH_USER_PATHS = NO;
				CLANG_CXX_LANGUAGE_STANDARD = "gnu++0x";
				CLANG_CXX_LIBRARY = "libc++";
				CLANG_ENABLE_MODULES = YES;
				CLANG_ENABLE_OBJC_ARC = YES;
				CLANG_WARN_BOOL_CONVERSION = YES;
				CLANG_WARN_CONSTANT_CONVERSION = YES;
				CLANG_WARN_DIRECT_OBJC_ISA_USAGE = YES_ERROR;
				CLANG_WARN_EMPTY_BODY = YES;
				CLANG_WARN_ENUM_CONVERSION = YES;
				CLANG_WARN_INT_CONVERSION = YES;
				CLANG_WARN_OBJC_ROOT_CLASS = YES_ERROR;
				CLANG_WARN_UNREACHABLE_CODE = YES;
				CLANG_WARN__DUPLICATE_METHOD_MATCH = YES;
				"CODE_SIGN_IDENTITY[sdk=iphoneos*]" = "iPhone Developer";
				COPY_PHASE_STRIP = NO;
				DEBUG_INFORMATION_FORMAT = dwarf;
				ENABLE_STRICT_OBJC_MSGSEND = YES;
				ENABLE_TESTABILITY = YES;
				GCC_C_LANGUAGE_STANDARD = gnu99;
				GCC_DYNAMIC_NO_PIC = NO;
				GCC_NO_COMMON_BLOCKS = YES;
				GCC_OPTIMIZATION_LEVEL = 0;
				GCC_PREPROCESSOR_DEFINITIONS = (
					"DEBUG=1",
					"$(inherited)",
				);
				GCC_WARN_64_TO_32_BIT_CONVERSION = YES;
				GCC_WARN_ABOUT_RETURN_TYPE = YES_ERROR;
				GCC_WARN_UNDECLARED_SELECTOR = YES;
				GCC_WARN_UNINITIALIZED_AUTOS = YES_AGGRESSIVE;
				GCC_WARN_UNUSED_FUNCTION = YES;
				GCC_WARN_UNUSED_VARIABLE = YES;
				IPHONEOS_DEPLOYMENT_TARGET = 9.1;
				MTL_ENABLE_DEBUG_INFO = YES;
				ONLY_ACTIVE_ARCH = YES;
				SDKROOT = iphoneos;
			};
			name = Debug;
		};
		8FFF5ECA1C16699300BC01F7 /* Release */ = {
			isa = XCBuildConfiguration;
			buildSettings = {
				ALWAYS_SEARCH_USER_PATHS = NO;
				CLANG_CXX_LANGUAGE_STANDARD = "gnu++0x";
				CLANG_CXX_LIBRARY = "libc++";
				CLANG_ENABLE_MODULES = YES;
				CLANG_ENABLE_OBJC_ARC = YES;
				CLANG_WARN_BOOL_CONVERSION = YES;
				CLANG_WARN_CONSTANT_CONVERSION = YES;
				CLANG_WARN_DIRECT_OBJC_ISA_USAGE = YES_ERROR;
				CLANG_WARN_EMPTY_BODY = YES;
				CLANG_WARN_ENUM_CONVERSION = YES;
				CLANG_WARN_INT_CONVERSION = YES;
				CLANG_WARN_OBJC_ROOT_CLASS = YES_ERROR;
				CLANG_WARN_UNREACHABLE_CODE = YES;
				CLANG_WARN__DUPLICATE_METHOD_MATCH = YES;
				"CODE_SIGN_IDENTITY[sdk=iphoneos*]" = "iPhone Developer";
				COPY_PHASE_STRIP = NO;
				DEBUG_INFORMATION_FORMAT = "dwarf-with-dsym";
				ENABLE_NS_ASSERTIONS = NO;
				ENABLE_STRICT_OBJC_MSGSEND = YES;
				GCC_C_LANGUAGE_STANDARD = gnu99;
				GCC_NO_COMMON_BLOCKS = YES;
				GCC_WARN_64_TO_32_BIT_CONVERSION = YES;
				GCC_WARN_ABOUT_RETURN_TYPE = YES_ERROR;
				GCC_WARN_UNDECLARED_SELECTOR = YES;
				GCC_WARN_UNINITIALIZED_AUTOS = YES_AGGRESSIVE;
				GCC_WARN_UNUSED_FUNCTION = YES;
				GCC_WARN_UNUSED_VARIABLE = YES;
				IPHONEOS_DEPLOYMENT_TARGET = 9.1;
				MTL_ENABLE_DEBUG_INFO = NO;
				SDKROOT = iphoneos;
				VALIDATE_PRODUCT = YES;
			};
			name = Release;
		};
		8FFF5ECC1C16699300BC01F7 /* Debug */ = {
			isa = XCBuildConfiguration;
			buildSettings = {
				ASSETCATALOG_COMPILER_APPICON_NAME = AppIcon;
				CODE_SIGN_IDENTITY = "iPhone Developer";
				INFOPLIST_FILE = NetcaseNavigationDemo/Info.plist;
				LD_RUNPATH_SEARCH_PATHS = "$(inherited) @executable_path/Frameworks";
				PRODUCT_BUNDLE_IDENTIFIER = com.netcase.NetcaseNavigationDemo;
				PRODUCT_NAME = "$(TARGET_NAME)";
			};
			name = Debug;
		};
		8FFF5ECD1C16699300BC01F7 /* Release */ = {
			isa = XCBuildConfiguration;
			buildSettings = {
				ASSETCATALOG_COMPILER_APPICON_NAME = AppIcon;
				CODE_SIGN_IDENTITY = "iPhone Developer";
				INFOPLIST_FILE = NetcaseNavigationDemo/Info.plist;
				LD_RUNPATH_SEARCH_PATHS = "$(inherited) @executable_path/Frameworks";
				PRODUCT_BUNDLE_IDENTIFIER = com.netcase.NetcaseNavigationDemo;
				PRODUCT_NAME = "$(TARGET_NAME)";
			};
			name = Release;
		};
/* End XCBuildConfiguration section */

/* Begin XCConfigurationList section */
		8FFF5EAF1C16699300BC01F7 /* Build configuration list for PBXProject "NetcaseNavigationDemo" */ = {
			isa = XCConfigurationList;
			buildConfigurations = (
				8FFF5EC91C16699300BC01F7 /* Debug */,
				8FFF5ECA1C16699300BC01F7 /* Release */,
			);
			defaultConfigurationIsVisible = 0;
			defaultConfigurationName = Release;
		};
		8FFF5ECB1C16699300BC01F7 /* Build configuration list for PBXNativeTarget "NetcaseNavigationDemo" */ = {
			isa = XCConfigurationList;
			buildConfigurations = (
				8FFF5ECC1C16699300BC01F7 /* Debug */,
				8FFF5ECD1C16699300BC01F7 /* Release */,
			);
			defaultConfigurationIsVisible = 0;
		};
/* End XCConfigurationList section */
	};
	rootObject = 8FFF5EAC1C16699300BC01F7 /* Project object */;
}
